
Microsoft Visual Studio Solution File, Format Version 11.00
# Visual Studio 2010
Project("{8BC9CEB8-8B4A-11D0-8D11-00A0C91BC942}") = "PontoDeVenda_06_04_2016", "PontoDeVenda_06_04_2016\PontoDeVenda_06_04_2016.vcxproj", "{A68B8567-F525-428C-BAB4-15348431088D}"
EndProject
Global
	GlobalSection(SolutionConfigurationPlatforms) = preSolution
		Debug|Win32 = Debug|Win32
		Release|Win32 = Release|Win32
	EndGlobalSection
	GlobalSection(ProjectConfigurationPlatforms) = postSolution
		{A68B8567-F525-428C-BAB4-15348431088D}.Debug|Win32.ActiveCfg = Debug|Win32
		{A68B8567-F525-428C-BAB4-15348431088D}.Debug|Win32.Build.0 = Debug|Win32
		{A68B8567-F525-428C-BAB4-15348431088D}.Release|Win32.ActiveCfg = Release|Win32
		{A68B8567-F525-428C-BAB4-15348431088D}.Release|Win32.Build.0 = Release|Win32
	EndGlobalSection
	GlobalSection(SolutionProperties) = preSolution
		HideSolutionNode = FALSE
	EndGlobalSection
EndGlobal
